# SPDX-License-Identifier: Apache-2.0
# Auto-generated by build/publish workflow.
# Captures commit hashes resolved from testing-channel HEADs at build time.
# logicutils-driven verification: `freshcheck --method=hash` on this file
# gates the proofs/ rebuild (proofs/README.md §"워크플로우" 정합).
#
# Pre-population baseline (P-redesign.2 sign-off, 2026-06-01):
#   - adsmt           = 450b986 (testing HEAD, "preparations for stable
#                                v1.0.0 release", 2026-05-31)
#   - adsmt-contrib   = a838525 (testing HEAD, "archlinux: 3 source-only
#                                PKGBUILDs + LICENSE files", 2026-06-01)
#   - OxiZ (transitive) — adsmt 측 external/oxiz/ submodule pin 의
#                          feat/enable-writer branch 의 HEAD
#
# Schema:
#
# [adsmt]
# commit_sha    = "..."
# captured_at   = "..."
# verus_version = "..."
#
# [adsmt-contrib]
# commit_sha    = "..."
# captured_at   = "..."
#
# [oxiz]
# submodule_commit_sha = "..."
#
# (Build workflow neeeds to overwrite this file each run; the contents
#  above are baseline-only and will be replaced.)
